// !$*UTF8*$!
{
	archiveVersion = 1;
	classes = {
	};
	objectVersion = 51;
	objects = {

/* Begin PBXBuildFile section */
		00CCE38A25C3A40500D3AE97 /* AppDelegate.swift in Sources */ = {isa = PBXBuildFile; fileRef = 00CCE38925C3A40500D3AE97 /* AppDelegate.swift */; };
		00CCE38C25C3A40500D3AE97 /* SceneDelegate.swift in Sources */ = {isa = PBXBuildFile; fileRef = 00CCE38B25C3A40500D3AE97 /* SceneDelegate.swift */; };
		00CCE38E25C3A40500D3AE97 /* ContentView.swift in Sources */ = {isa = PBXBuildFile; fileRef = 00CCE38D25C3A40500D3AE97 /* ContentView.swift */; };
		00CCE39025C3A40800D3AE97 /* Assets.xcassets in Resources */ = {isa = PBXBuildFile; fileRef = 00CCE38F25C3A40800D3AE97 /* Assets.xcassets */; };
		00CCE39325C3A40800D3AE97 /* Preview Assets.xcassets in Resources */ = {isa = PBXBuildFile; fileRef = 00CCE39225C3A40800D3AE97 /* Preview Assets.xcassets */; };
		00CCE39625C3A40800D3AE97 /* LaunchScreen.storyboard in Resources */ = {isa = PBXBuildFile; fileRef = 00CCE39425C3A40800D3AE97 /* LaunchScreen.storyboard */; };
		00CCE3A525C3A68000D3AE97 /* Home.swift in Sources */ = {isa = PBXBuildFile; fileRef = 00CCE3A425C3A68000D3AE97 /* Home.swift */; };
		00CCE3A925C3A79900D3AE97 /* Card.swift in Sources */ = {isa = PBXBuildFile; fileRef = 00CCE3A825C3A79900D3AE97 /* Card.swift */; };
		00CCE3AC25C3A89100D3AE97 /* JSONViewModel.swift in Sources */ = {isa = PBXBuildFile; fileRef = 00CCE3AB25C3A89100D3AE97 /* JSONViewModel.swift */; };
		00CCE3B025C3F2E100D3AE97 /* Layout1.swift in Sources */ = {isa = PBXBuildFile; fileRef = 00CCE3AF25C3F2E100D3AE97 /* Layout1.swift */; };
		AC5029DD490AD7E23FDF651F /* Pods_Compositional_Layout.framework in Frameworks */ = {isa = PBXBuildFile; fileRef = AE4810A0AD37292C7EDF20AD /* Pods_Compositional_Layout.framework */; };
/* End PBXBuildFile section */

/* Begin PBXFileReference section */
		00CCE38625C3A40500D3AE97 /* Compositional_Layout.app */ = {isa = PBXFileReference; explicitFileType = wrapper.application; includeInIndex = 0; path = Compositional_Layout.app; sourceTree = BUILT_PRODUCTS_DIR; };
		00CCE38925C3A40500D3AE97 /* AppDelegate.swift */ = {isa = PBXFileReference; lastKnownFileType = sourcecode.swift; path = AppDelegate.swift; sourceTree = "<group>"; };
		00CCE38B25C3A40500D3AE97 /* SceneDelegate.swift */ = {isa = PBXFileReference; lastKnownFileType = sourcecode.swift; path = SceneDelegate.swift; sourceTree = "<group>"; };
		00CCE38D25C3A40500D3AE97 /* ContentView.swift */ = {isa = PBXFileReference; lastKnownFileType = sourcecode.swift; path = ContentView.swift; sourceTree = "<group>"; };
		00CCE38F25C3A40800D3AE97 /* Assets.xcassets */ = {isa = PBXFileReference; lastKnownFileType = folder.assetcatalog; path = Assets.xcassets; sourceTree = "<group>"; };
		00CCE39225C3A40800D3AE97 /* Preview Assets.xcassets */ = {isa = PBXFileReference; lastKnownFileType = folder.assetcatalog; path = "Preview Assets.xcassets"; sourceTree = "<group>"; };
		00CCE39525C3A40800D3AE97 /* Base */ = {isa = PBXFileReference; lastKnownFileType = file.storyboard; name = Base; path = Base.lproj/LaunchScreen.storyboard; sourceTree = "<group>"; };
		00CCE39725C3A40800D3AE97 /* Info.plist */ = {isa = PBXFileReference; lastKnownFileType = text.plist.xml; path = Info.plist; sourceTree = "<group>"; };
		00CCE3A425C3A68000D3AE97 /* Home.swift */ = {isa = PBXFileReference; lastKnownFileType = sourcecode.swift; path = Home.swift; sourceTree = "<group>"; };
		00CCE3A825C3A79900D3AE97 /* Card.swift */ = {isa = PBXFileReference; lastKnownFileType = sourcecode.swift; path = Card.swift; sourceTree = "<group>"; };
		00CCE3AB25C3A89100D3AE97 /* JSONViewModel.swift */ = {isa = PBXFileReference; lastKnownFileType = sourcecode.swift; path = JSONViewModel.swift; sourceTree = "<group>"; };
		00CCE3AF25C3F2E100D3AE97 /* Layout1.swift */ = {isa = PBXFileReference; lastKnownFileType = sourcecode.swift; path = Layout1.swift; sourceTree = "<group>"; };
		12E0A6CFD6752A200B562446 /* Pods-Compositional_Layout.release.xcconfig */ = {isa = PBXFileReference; includeInIndex = 1; lastKnownFileType = text.xcconfig; name = "Pods-Compositional_Layout.release.xcconfig"; path = "Target Support Files/Pods-Compositional_Layout/Pods-Compositional_Layout.release.xcconfig"; sourceTree = "<group>"; };
		64637C45014C481AD71447FB /* Pods-Compositional_Layout.debug.xcconfig */ = {isa = PBXFileReference; includeInIndex = 1; lastKnownFileType = text.xcconfig; name = "Pods-Compositional_Layout.debug.xcconfig"; path = "Target Support Files/Pods-Compositional_Layout/Pods-Compositional_Layout.debug.xcconfig"; sourceTree = "<group>"; };
		AE4810A0AD37292C7EDF20AD /* Pods_Compositional_Layout.framework */ = {isa = PBXFileReference; explicitFileType = wrapper.framework; includeInIndex = 0; path = Pods_Compositional_Layout.framework; sourceTree = BUILT_PRODUCTS_DIR; };
/* End PBXFileReference section */

/* Begin PBXFrameworksBuildPhase section */
		00CCE38325C3A40500D3AE97 /* Frameworks */ = {
			isa = PBXFrameworksBuildPhase;
			buildActionMask = 2147483647;
			files = (
				AC5029DD490AD7E23FDF651F /* Pods_Compositional_Layout.framework in Frameworks */,
			);
			runOnlyForDeploymentPostprocessing = 0;
		};
/* End PBXFrameworksBuildPhase section */

/* Begin PBXGroup section */
		00CCE37D25C3A40500D3AE97 = {
			isa = PBXGroup;
			children = (
				00CCE38825C3A40500D3AE97 /* Compositional_Layout */,
				00CCE38725C3A40500D3AE97 /* Products */,
				1C2E66B4963D9CED0F602E0C /* Pods */,
				3F3A2C51D12FB5592BAAD406 /* Frameworks */,
			);
			sourceTree = "<group>";
		};
		00CCE38725C3A40500D3AE97 /* Products */ = {
			isa = PBXGroup;
			children = (
				00CCE38625C3A40500D3AE97 /* Compositional_Layout.app */,
			);
			name = Products;
			sourceTree = "<group>";
		};
		00CCE38825C3A40500D3AE97 /* Compositional_Layout */ = {
			isa = PBXGroup;
			children = (
				00CCE3A325C3A60C00D3AE97 /* ViewModel */,
				00CCE3A225C3A5FE00D3AE97 /* Model */,
				00CCE3A125C3A5EC00D3AE97 /* View */,
				00CCE38925C3A40500D3AE97 /* AppDelegate.swift */,
				00CCE38B25C3A40500D3AE97 /* SceneDelegate.swift */,
				00CCE38D25C3A40500D3AE97 /* ContentView.swift */,
				00CCE38F25C3A40800D3AE97 /* Assets.xcassets */,
				00CCE39425C3A40800D3AE97 /* LaunchScreen.storyboard */,
				00CCE39725C3A40800D3AE97 /* Info.plist */,
				00CCE39125C3A40800D3AE97 /* Preview Content */,
			);
			path = Compositional_Layout;
			sourceTree = "<group>";
		};
		00CCE39125C3A40800D3AE97 /* Preview Content */ = {
			isa = PBXGroup;
			children = (
				00CCE39225C3A40800D3AE97 /* Preview Assets.xcassets */,
			);
			path = "Preview Content";
			sourceTree = "<group>";
		};
		00CCE3A125C3A5EC00D3AE97 /* View */ = {
			isa = PBXGroup;
			children = (
				00CCE3AE25C3E6AD00D3AE97 /* Compositional Groups */,
				00CCE3A425C3A68000D3AE97 /* Home.swift */,
			);
			path = View;
			sourceTree = "<group>";
		};
		00CCE3A225C3A5FE00D3AE97 /* Model */ = {
			isa = PBXGroup;
			children = (
				00CCE3A825C3A79900D3AE97 /* Card.swift */,
			);
			path = Model;
			sourceTree = "<group>";
		};
		00CCE3A325C3A60C00D3AE97 /* ViewModel */ = {
			isa = PBXGroup;
			children = (
				00CCE3AB25C3A89100D3AE97 /* JSONViewModel.swift */,
			);
			path = ViewModel;
			sourceTree = "<group>";
		};
		00CCE3AE25C3E6AD00D3AE97 /* Compositional Groups */ = {
			isa = PBXGroup;
			children = (
				00CCE3AF25C3F2E100D3AE97 /* Layout1.swift */,
			);
			path = "Compositional Groups";
			sourceTree = "<group>";
		};
		1C2E66B4963D9CED0F602E0C /* Pods */ = {
			isa = PBXGroup;
			children = (
				64637C45014C481AD71447FB /* Pods-Compositional_Layout.debug.xcconfig */,
				12E0A6CFD6752A200B562446 /* Pods-Compositional_Layout.release.xcconfig */,
			);
			path = Pods;
			sourceTree = "<group>";
		};
		3F3A2C51D12FB5592BAAD406 /* Frameworks */ = {
			isa = PBXGroup;
			children = (
				AE4810A0AD37292C7EDF20AD /* Pods_Compositional_Layout.framework */,
			);
			name = Frameworks;
			sourceTree = "<group>";
		};
/* End PBXGroup section */

/* Begin PBXNativeTarget section */
		00CCE38525C3A40500D3AE97 /* Compositional_Layout */ = {
			isa = PBXNativeTarget;
			buildConfigurationList = 00CCE39A25C3A40800D3AE97 /* Build configuration list for PBXNativeTarget "Compositional_Layout" */;
			buildPhases = (
				46B2C01CA9011F6EA9851DE8 /* [CP] Check Pods Manifest.lock */,
				00CCE38225C3A40500D3AE97 /* Sources */,
				00CCE38325C3A40500D3AE97 /* Frameworks */,
				00CCE38425C3A40500D3AE97 /* Resources */,
				CCA8272760EE395A73E211B7 /* [CP] Embed Pods Frameworks */,
			);
			buildRules = (
			);
			dependencies = (
			);
			name = Compositional_Layout;
			productName = Compositional_Layout;
			productReference = 00CCE38625C3A40500D3AE97 /* Compositional_Layout.app */;
			productType = "com.apple.product-type.application";
		};
/* End PBXNativeTarget section */

/* Begin PBXProject section */
		00CCE37E25C3A40500D3AE97 /* Project object */ = {
			isa = PBXProject;
			attributes = {
				LastSwiftUpdateCheck = 1230;
				LastUpgradeCheck = 1230;
				TargetAttributes = {
					00CCE38525C3A40500D3AE97 = {
						CreatedOnToolsVersion = 12.3;
					};
				};
			};
			buildConfigurationList = 00CCE38125C3A40500D3AE97 /* Build configuration list for PBXProject "Compositional_Layout" */;
			compatibilityVersion = "Xcode 9.3";
			developmentRegion = en;
			hasScannedForEncodings = 0;
			knownRegions = (
				en,
				Base,
			);
			mainGroup = 00CCE37D25C3A40500D3AE97;
			productRefGroup = 00CCE38725C3A40500D3AE97 /* Products */;
			projectDirPath = "";
			projectRoot = "";
			targets = (
				00CCE38525C3A40500D3AE97 /* Compositional_Layout */,
			);
		};
/* End PBXProject section */

/* Begin PBXResourcesBuildPhase section */
		00CCE38425C3A40500D3AE97 /* Resources */ = {
			isa = PBXResourcesBuildPhase;
			buildActionMask = 2147483647;
			files = (
				00CCE39625C3A40800D3AE97 /* LaunchScreen.storyboard in Resources */,
				00CCE39325C3A40800D3AE97 /* Preview Assets.xcassets in Resources */,
				00CCE39025C3A40800D3AE97 /* Assets.xcassets in Resources */,
			);
			runOnlyForDeploymentPostprocessing = 0;
		};
/* End PBXResourcesBuildPhase section */

/* Begin PBXShellScriptBuildPhase section */
		46B2C01CA9011F6EA9851DE8 /* [CP] Check Pods Manifest.lock */ = {
			isa = PBXShellScriptBuildPhase;
			buildActionMask = 2147483647;
			files = (
			);
			inputFileListPaths = (
			);
			inputPaths = (
				"${PODS_PODFILE_DIR_PATH}/Podfile.lock",
				"${PODS_ROOT}/Manifest.lock",
			);
			name = "[CP] Check Pods Manifest.lock";
			outputFileListPaths = (
			);
			outputPaths = (
				"$(DERIVED_FILE_DIR)/Pods-Compositional_Layout-checkManifestLockResult.txt",
			);
			runOnlyForDeploymentPostprocessing = 0;
			shellPath = /bin/sh;
			shellScript = "diff \"${PODS_PODFILE_DIR_PATH}/Podfile.lock\" \"${PODS_ROOT}/Manifest.lock\" > /dev/null\nif [ $? != 0 ] ; then\n    # print error to STDERR\n    echo \"error: The sandbox is not in sync with the Podfile.lock. Run 'pod install' or update your CocoaPods installation.\" >&2\n    exit 1\nfi\n# This output is used by Xcode 'outputs' to avoid re-running this script phase.\necho \"SUCCESS\" > \"${SCRIPT_OUTPUT_FILE_0}\"\n";
			showEnvVarsInLog = 0;
		};
		CCA8272760EE395A73E211B7 /* [CP] Embed Pods Frameworks */ = {
			isa = PBXShellScriptBuildPhase;
			buildActionMask = 2147483647;
			files = (
			);
			inputFileListPaths = (
				"${PODS_ROOT}/Target Support Files/Pods-Compositional_Layout/Pods-Compositional_Layout-frameworks-${CONFIGURATION}-input-files.xcfilelist",
			);
			name = "[CP] Embed Pods Frameworks";
			outputFileListPaths = (
				"${PODS_ROOT}/Target Support Files/Pods-Compositional_Layout/Pods-Compositional_Layout-frameworks-${CONFIGURATION}-output-files.xcfilelist",
			);
			runOnlyForDeploymentPostprocessing = 0;
			shellPath = /bin/sh;
			shellScript = "\"${PODS_ROOT}/Target Support Files/Pods-Compositional_Layout/Pods-Compositional_Layout-frameworks.sh\"\n";
			showEnvVarsInLog = 0;
		};
/* End PBXShellScriptBuildPhase section */

/* Begin PBXSourcesBuildPhase section */
		00CCE38225C3A40500D3AE97 /* Sources */ = {
			isa = PBXSourcesBuildPhase;
			buildActionMask = 2147483647;
			files = (
				00CCE38A25C3A40500D3AE97 /* AppDelegate.swift in Sources */,
				00CCE38C25C3A40500D3AE97 /* SceneDelegate.swift in Sources */,
				00CCE3AC25C3A89100D3AE97 /* JSONViewModel.swift in Sources */,
				00CCE3B025C3F2E100D3AE97 /* Layout1.swift in Sources */,
				00CCE3A925C3A79900D3AE97 /* Card.swift in Sources */,
				00CCE3A525C3A68000D3AE97 /* Home.swift in Sources */,
				00CCE38E25C3A40500D3AE97 /* ContentView.swift in Sources */,
			);
			runOnlyForDeploymentPostprocessing = 0;
		};
/* End PBXSourcesBuildPhase section */

/* Begin PBXVariantGroup section */
		00CCE39425C3A40800D3AE97 /* LaunchScreen.storyboard */ = {
			isa = PBXVariantGroup;
			children = (
				00CCE39525C3A40800D3AE97 /* Base */,
			);
			name = LaunchScreen.storyboard;
			sourceTree = "<group>";
		};
/* End PBXVariantGroup section */

/* Begin XCBuildConfiguration section */
		00CCE39825C3A40800D3AE97 /* Debug */ = {
			isa = XCBuildConfiguration;
			buildSettings = {
				ALWAYS_SEARCH_USER_PATHS = NO;
				CLANG_ANALYZER_NONNULL = YES;
				CLANG_ANALYZER_NUMBER_OBJECT_CONVERSION = YES_AGGRESSIVE;
				CLANG_CXX_LANGUAGE_STANDARD = "gnu++14";
				CLANG_CXX_LIBRARY = "libc++";
				CLANG_ENABLE_MODULES = YES;
				CLANG_ENABLE_OBJC_ARC = YES;
				CLANG_ENABLE_OBJC_WEAK = YES;
				CLANG_WARN_BLOCK_CAPTURE_AUTORELEASING = YES;
				CLANG_WARN_BOOL_CONVERSION = YES;
				CLANG_WARN_COMMA = YES;
				CLANG_WARN_CONSTANT_CONVERSION = YES;
				CLANG_WARN_DEPRECATED_OBJC_IMPLEMENTATIONS = YES;
				CLANG_WARN_DIRECT_OBJC_ISA_USAGE = YES_ERROR;
				CLANG_WARN_DOCUMENTATION_COMMENTS = YES;
				CLANG_WARN_EMPTY_BODY = YES;
				CLANG_WARN_ENUM_CONVERSION = YES;
				CLANG_WARN_INFINITE_RECURSION = YES;
				CLANG_WARN_INT_CONVERSION = YES;
				CLANG_WARN_NON_LITERAL_NULL_CONVERSION = YES;
				CLANG_WARN_OBJC_IMPLICIT_RETAIN_SELF = YES;
				CLANG_WARN_OBJC_LITERAL_CONVERSION = YES;
				CLANG_WARN_OBJC_ROOT_CLASS = YES_ERROR;
				CLANG_WARN_QUOTED_INCLUDE_IN_FRAMEWORK_HEADER = YES;
				CLANG_WARN_RANGE_LOOP_ANALYSIS = YES;
				CLANG_WARN_STRICT_PROTOTYPES = YES;
				CLANG_WARN_SUSPICIOUS_MOVE = YES;
				CLANG_WARN_UNGUARDED_AVAILABILITY = YES_AGGRESSIVE;
				CLANG_WARN_UNREACHABLE_CODE = YES;
				CLANG_WARN__DUPLICATE_METHOD_MATCH = YES;
				COPY_PHASE_STRIP = NO;
				DEBUG_INFORMATION_FORMAT = dwarf;
				ENABLE_STRICT_OBJC_MSGSEND = YES;
				ENABLE_TESTABILITY = YES;
				GCC_C_LANGUAGE_STANDARD = gnu11;
				GCC_DYNAMIC_NO_PIC = NO;
				GCC_NO_COMMON_BLOCKS = YES;
				GCC_OPTIMIZATION_LEVEL = 0;
				GCC_PREPROCESSOR_DEFINITIONS = (
					"DEBUG=1",
					"$(inherited)",
				);
				GCC_WARN_64_TO_32_BIT_CONVERSION = YES;
				GCC_WARN_ABOUT_RETURN_TYPE = YES_ERROR;
				GCC_WARN_UNDECLARED_SELECTOR = YES;
				GCC_WARN_UNINITIALIZED_AUTOS = YES_AGGRESSIVE;
				GCC_WARN_UNUSED_FUNCTION = YES;
				GCC_WARN_UNUSED_VARIABLE = YES;
				IPHONEOS_DEPLOYMENT_TARGET = 14.3;
				MTL_ENABLE_DEBUG_INFO = INCLUDE_SOURCE;
				MTL_FAST_MATH = YES;
				ONLY_ACTIVE_ARCH = YES;
				SDKROOT = iphoneos;
				SWIFT_ACTIVE_COMPILATION_CONDITIONS = DEBUG;
				SWIFT_OPTIMIZATION_LEVEL = "-Onone";
			};
			name = Debug;
		};
		00CCE39925C3A40800D3AE97 /* Release */ = {
			isa = XCBuildConfiguration;
			buildSettings = {
				ALWAYS_SEARCH_USER_PATHS = NO;
				CLANG_ANALYZER_NONNULL = YES;
				CLANG_ANALYZER_NUMBER_OBJECT_CONVERSION = YES_AGGRESSIVE;
				CLANG_CXX_LANGUAGE_STANDARD = "gnu++14";
				CLANG_CXX_LIBRARY = "libc++";
				CLANG_ENABLE_MODULES = YES;
				CLANG_ENABLE_OBJC_ARC = YES;
				CLANG_ENABLE_OBJC_WEAK = YES;
				CLANG_WARN_BLOCK_CAPTURE_AUTORELEASING = YES;
				CLANG_WARN_BOOL_CONVERSION = YES;
				CLANG_WARN_COMMA = YES;
				CLANG_WARN_CONSTANT_CONVERSION = YES;
				CLANG_WARN_DEPRECATED_OBJC_IMPLEMENTATIONS = YES;
				CLANG_WARN_DIRECT_OBJC_ISA_USAGE = YES_ERROR;
				CLANG_WARN_DOCUMENTATION_COMMENTS = YES;
				CLANG_WARN_EMPTY_BODY = YES;
				CLANG_WARN_ENUM_CONVERSION = YES;
				CLANG_WARN_INFINITE_RECURSION = YES;
				CLANG_WARN_INT_CONVERSION = YES;
				CLANG_WARN_NON_LITERAL_NULL_CONVERSION = YES;
				CLANG_WARN_OBJC_IMPLICIT_RETAIN_SELF = YES;
				CLANG_WARN_OBJC_LITERAL_CONVERSION = YES;
				CLANG_WARN_OBJC_ROOT_CLASS = YES_ERROR;
				CLANG_WARN_QUOTED_INCLUDE_IN_FRAMEWORK_HEADER = YES;
				CLANG_WARN_RANGE_LOOP_ANALYSIS = YES;
				CLANG_WARN_STRICT_PROTOTYPES = YES;
				CLANG_WARN_SUSPICIOUS_MOVE = YES;
				CLANG_WARN_UNGUARDED_AVAILABILITY = YES_AGGRESSIVE;
				CLANG_WARN_UNREACHABLE_CODE = YES;
				CLANG_WARN__DUPLICATE_METHOD_MATCH = YES;
				COPY_PHASE_STRIP = NO;
				DEBUG_INFORMATION_FORMAT = "dwarf-with-dsym";
				ENABLE_NS_ASSERTIONS = NO;
				ENABLE_STRICT_OBJC_MSGSEND = YES;
				GCC_C_LANGUAGE_STANDARD = gnu11;
				GCC_NO_COMMON_BLOCKS = YES;
				GCC_WARN_64_TO_32_BIT_CONVERSION = YES;
				GCC_WARN_ABOUT_RETURN_TYPE = YES_ERROR;
				GCC_WARN_UNDECLARED_SELECTOR = YES;
				GCC_WARN_UNINITIALIZED_AUTOS = YES_AGGRESSIVE;
				GCC_WARN_UNUSED_FUNCTION = YES;
				GCC_WARN_UNUSED_VARIABLE = YES;
				IPHONEOS_DEPLOYMENT_TARGET = 14.3;
				MTL_ENABLE_DEBUG_INFO = NO;
				MTL_FAST_MATH = YES;
				SDKROOT = iphoneos;
				SWIFT_COMPILATION_MODE = wholemodule;
				SWIFT_OPTIMIZATION_LEVEL = "-O";
				VALIDATE_PRODUCT = YES;
			};
			name = Release;
		};
		00CCE39B25C3A40800D3AE97 /* Debug */ = {
			isa = XCBuildConfiguration;
			baseConfigurationReference = 64637C45014C481AD71447FB /* Pods-Compositional_Layout.debug.xcconfig */;
			buildSettings = {
				ASSETCATALOG_COMPILER_APPICON_NAME = AppIcon;
				ASSETCATALOG_COMPILER_GLOBAL_ACCENT_COLOR_NAME = AccentColor;
				CODE_SIGN_STYLE = Automatic;
				DEVELOPMENT_ASSET_PATHS = "\"Compositional_Layout/Preview Content\"";
				DEVELOPMENT_TEAM = BY3249U34V;
				ENABLE_PREVIEWS = YES;
				INFOPLIST_FILE = Compositional_Layout/Info.plist;
				LD_RUNPATH_SEARCH_PATHS = (
					"$(inherited)",
					"@executable_path/Frameworks",
				);
				PRODUCT_BUNDLE_IDENTIFIER = "zyf.Compositional-Layout";
				PRODUCT_NAME = "$(TARGET_NAME)";
				SWIFT_VERSION = 5.0;
				TARGETED_DEVICE_FAMILY = "1,2";
			};
			name = Debug;
		};
		00CCE39C25C3A40800D3AE97 /* Release */ = {
			isa = XCBuildConfiguration;
			baseConfigurationReference = 12E0A6CFD6752A200B562446 /* Pods-Compositional_Layout.release.xcconfig */;
			buildSettings = {
				ASSETCATALOG_COMPILER_APPICON_NAME = AppIcon;
				ASSETCATALOG_COMPILER_GLOBAL_ACCENT_COLOR_NAME = AccentColor;
				CODE_SIGN_STYLE = Automatic;
				DEVELOPMENT_ASSET_PATHS = "\"Compositional_Layout/Preview Content\"";
				DEVELOPMENT_TEAM = BY3249U34V;
				ENABLE_PREVIEWS = YES;
				INFOPLIST_FILE = Compositional_Layout/Info.plist;
				LD_RUNPATH_SEARCH_PATHS = (
					"$(inherited)",
					"@executable_path/Frameworks",
				);
				PRODUCT_BUNDLE_IDENTIFIER = "zyf.Compositional-Layout";
				PRODUCT_NAME = "$(TARGET_NAME)";
				SWIFT_VERSION = 5.0;
				TARGETED_DEVICE_FAMILY = "1,2";
			};
			name = Release;
		};
/* End XCBuildConfiguration section */

/* Begin XCConfigurationList section */
		00CCE38125C3A40500D3AE97 /* Build configuration list for PBXProject "Compositional_Layout" */ = {
			isa = XCConfigurationList;
			buildConfigurations = (
				00CCE39825C3A40800D3AE97 /* Debug */,
				00CCE39925C3A40800D3AE97 /* Release */,
			);
			defaultConfigurationIsVisible = 0;
			defaultConfigurationName = Release;
		};
		00CCE39A25C3A40800D3AE97 /* Build configuration list for PBXNativeTarget "Compositional_Layout" */ = {
			isa = XCConfigurationList;
			buildConfigurations = (
				00CCE39B25C3A40800D3AE97 /* Debug */,
				00CCE39C25C3A40800D3AE97 /* Release */,
			);
			defaultConfigurationIsVisible = 0;
			defaultConfigurationName = Release;
		};
/* End XCConfigurationList section */
	};
	rootObject = 00CCE37E25C3A40500D3AE97 /* Project object */;
}
